
Microsoft Visual Studio Solution File, Format Version 12.00
# Visual Studio Version 17
VisualStudioVersion = 17.11.35312.102
MinimumVisualStudioVersion = 10.0.40219.1
Project("{FAE04EC0-301F-11D3-BF4B-00C04F79EFBC}") = "departmentMVC", "departmentMVC.csproj", "{23B2F07B-BE9B-4F25-B017-9219338BAFAC}"
EndProject
Global
	GlobalSection(SolutionConfigurationPlatforms) = preSolution
		Debug|Any CPU = Debug|Any CPU
		Release|Any CPU = Release|Any CPU
	EndGlobalSection
	GlobalSection(ProjectConfigurationPlatforms) = postSolution
		{23B2F07B-BE9B-4F25-B017-9219338BAFAC}.Debug|Any CPU.ActiveCfg = Debug|Any CPU
		{23B2F07B-BE9B-4F25-B017-9219338BAFAC}.Debug|Any CPU.Build.0 = Debug|Any CPU
		{23B2F07B-BE9B-4F25-B017-9219338BAFAC}.Release|Any CPU.ActiveCfg = Release|Any CPU
		{23B2F07B-BE9B-4F25-B017-9219338BAFAC}.Release|Any CPU.Build.0 = Release|Any CPU
	EndGlobalSection
	GlobalSection(SolutionProperties) = preSolution
		HideSolutionNode = FALSE
	EndGlobalSection
	GlobalSection(ExtensibilityGlobals) = postSolution
		SolutionGuid = {B5F91716-EEF7-4465-8645-681FC21436D9}
	EndGlobalSection
EndGlobal
